
Microsoft Visual Studio Solution File, Format Version 12.00
# Visual Studio Version 17
VisualStudioVersion = 17.11.35219.272
MinimumVisualStudioVersion = 10.0.40219.1
Project("{9A19103F-16F7-4668-BE54-9A1E7A4F7556}") = "ApiAccesoDatosReto", "ApiAccesoDatosReto\ApiAccesoDatosReto.csproj", "{345F09C9-B0A8-4CA9-BFC4-CA249A29894B}"
EndProject
Project("{9A19103F-16F7-4668-BE54-9A1E7A4F7556}") = "PortalRetoTécnico", "PortalRetoTécnico\PortalRetoTécnico.csproj", "{34719FA5-2331-43A3-B33C-D909D0BFE389}"
EndProject
Global
	GlobalSection(SolutionConfigurationPlatforms) = preSolution
		Debug|Any CPU = Debug|Any CPU
		Release|Any CPU = Release|Any CPU
	EndGlobalSection
	GlobalSection(ProjectConfigurationPlatforms) = postSolution
		{345F09C9-B0A8-4CA9-BFC4-CA249A29894B}.Debug|Any CPU.ActiveCfg = Debug|Any CPU
		{345F09C9-B0A8-4CA9-BFC4-CA249A29894B}.Debug|Any CPU.Build.0 = Debug|Any CPU
		{345F09C9-B0A8-4CA9-BFC4-CA249A29894B}.Release|Any CPU.ActiveCfg = Release|Any CPU
		{345F09C9-B0A8-4CA9-BFC4-CA249A29894B}.Release|Any CPU.Build.0 = Release|Any CPU
		{34719FA5-2331-43A3-B33C-D909D0BFE389}.Debug|Any CPU.ActiveCfg = Debug|Any CPU
		{34719FA5-2331-43A3-B33C-D909D0BFE389}.Debug|Any CPU.Build.0 = Debug|Any CPU
		{34719FA5-2331-43A3-B33C-D909D0BFE389}.Release|Any CPU.ActiveCfg = Release|Any CPU
		{34719FA5-2331-43A3-B33C-D909D0BFE389}.Release|Any CPU.Build.0 = Release|Any CPU
	EndGlobalSection
	GlobalSection(SolutionProperties) = preSolution
		HideSolutionNode = FALSE
	EndGlobalSection
	GlobalSection(ExtensibilityGlobals) = postSolution
		SolutionGuid = {45D223FC-D657-4123-8FBC-CAC0AB5D0549}
	EndGlobalSection
EndGlobal
